
Microsoft Visual Studio Solution File, Format Version 12.00
# Visual Studio 14
VisualStudioVersion = 14.0.25420.1
MinimumVisualStudioVersion = 10.0.40219.1
Project("{8BC9CEB8-8B4A-11D0-8D11-00A0C91BC942}") = "16_template", "16_template\16_template.vcxproj", "{A4AA2129-721A-40C9-BBA1-9F37695568A3}"
EndProject
Project("{8BC9CEB8-8B4A-11D0-8D11-00A0C91BC942}") = "Other", "Other\Other.vcxproj", "{E3C3691E-AD54-4171-B6C0-81BFD1027D93}"
EndProject
Project("{8BC9CEB8-8B4A-11D0-8D11-00A0C91BC942}") = "TextQuery", "TextQuery\TextQuery.vcxproj", "{2E78E064-219C-43CA-8AAB-8BF6F8A9661D}"
EndProject
Project("{8BC9CEB8-8B4A-11D0-8D11-00A0C91BC942}") = "Copy Control", "Copy Control\Copy Control.vcxproj", "{BB0970C8-815F-4C3A-BA39-925CAE33CC09}"
EndProject
Project("{8BC9CEB8-8B4A-11D0-8D11-00A0C91BC942}") = "Message and  Folder", "Message and  Folder\Message and  Folder.vcxproj", "{7E3F5EF0-584E-4543-80D4-6EB118A46358}"
EndProject
Project("{8BC9CEB8-8B4A-11D0-8D11-00A0C91BC942}") = "StrBlob", "StrBlob\StrBlob.vcxproj", "{E1AA9404-066C-421C-8A23-4ECF9891ECBE}"
EndProject
Project("{8BC9CEB8-8B4A-11D0-8D11-00A0C91BC942}") = "StrVec", "StrVec\StrVec.vcxproj", "{5F19E7F5-1ECD-44C5-8083-DB247DA57A16}"
EndProject
Project("{8BC9CEB8-8B4A-11D0-8D11-00A0C91BC942}") = "move semantics", "move semantics\move semantics.vcxproj", "{225E5B8F-0530-4BA6-9A77-FB569A8F74CD}"
EndProject
Project("{8BC9CEB8-8B4A-11D0-8D11-00A0C91BC942}") = "ex16_4", "ex16_4\ex16_4.vcxproj", "{1BAEE041-82B7-4A7F-B103-9BA8ADA8469A}"
EndProject
Project("{8BC9CEB8-8B4A-11D0-8D11-00A0C91BC942}") = "ex16_5", "ex16_5\ex16_5.vcxproj", "{94F9F770-6554-4417-BC26-6AB01B37D20B}"
EndProject
Project("{8BC9CEB8-8B4A-11D0-8D11-00A0C91BC942}") = "smart pointer", "smart pointer\smart pointer.vcxproj", "{AE9C8D6A-6323-47C6-A229-A6104A96690B}"
EndProject
Global
	GlobalSection(SolutionConfigurationPlatforms) = preSolution
		Debug|x64 = Debug|x64
		Debug|x86 = Debug|x86
		Release|x64 = Release|x64
		Release|x86 = Release|x86
	EndGlobalSection
	GlobalSection(ProjectConfigurationPlatforms) = postSolution
		{A4AA2129-721A-40C9-BBA1-9F37695568A3}.Debug|x64.ActiveCfg = Debug|x64
		{A4AA2129-721A-40C9-BBA1-9F37695568A3}.Debug|x64.Build.0 = Debug|x64
		{A4AA2129-721A-40C9-BBA1-9F37695568A3}.Debug|x86.ActiveCfg = Debug|Win32
		{A4AA2129-721A-40C9-BBA1-9F37695568A3}.Debug|x86.Build.0 = Debug|Win32
		{A4AA2129-721A-40C9-BBA1-9F37695568A3}.Release|x64.ActiveCfg = Release|x64
		{A4AA2129-721A-40C9-BBA1-9F37695568A3}.Release|x64.Build.0 = Release|x64
		{A4AA2129-721A-40C9-BBA1-9F37695568A3}.Release|x86.ActiveCfg = Release|Win32
		{A4AA2129-721A-40C9-BBA1-9F37695568A3}.Release|x86.Build.0 = Release|Win32
		{E3C3691E-AD54-4171-B6C0-81BFD1027D93}.Debug|x64.ActiveCfg = Debug|x64
		{E3C3691E-AD54-4171-B6C0-81BFD1027D93}.Debug|x64.Build.0 = Debug|x64
		{E3C3691E-AD54-4171-B6C0-81BFD1027D93}.Debug|x86.ActiveCfg = Debug|Win32
		{E3C3691E-AD54-4171-B6C0-81BFD1027D93}.Debug|x86.Build.0 = Debug|Win32
		{E3C3691E-AD54-4171-B6C0-81BFD1027D93}.Release|x64.ActiveCfg = Release|x64
		{E3C3691E-AD54-4171-B6C0-81BFD1027D93}.Release|x64.Build.0 = Release|x64
		{E3C3691E-AD54-4171-B6C0-81BFD1027D93}.Release|x86.ActiveCfg = Release|Win32
		{E3C3691E-AD54-4171-B6C0-81BFD1027D93}.Release|x86.Build.0 = Release|Win32
		{2E78E064-219C-43CA-8AAB-8BF6F8A9661D}.Debug|x64.ActiveCfg = Debug|x64
		{2E78E064-219C-43CA-8AAB-8BF6F8A9661D}.Debug|x64.Build.0 = Debug|x64
		{2E78E064-219C-43CA-8AAB-8BF6F8A9661D}.Debug|x86.ActiveCfg = Debug|Win32
		{2E78E064-219C-43CA-8AAB-8BF6F8A9661D}.Debug|x86.Build.0 = Debug|Win32
		{2E78E064-219C-43CA-8AAB-8BF6F8A9661D}.Release|x64.ActiveCfg = Release|x64
		{2E78E064-219C-43CA-8AAB-8BF6F8A9661D}.Release|x64.Build.0 = Release|x64
		{2E78E064-219C-43CA-8AAB-8BF6F8A9661D}.Release|x86.ActiveCfg = Release|Win32
		{2E78E064-219C-43CA-8AAB-8BF6F8A9661D}.Release|x86.Build.0 = Release|Win32
		{BB0970C8-815F-4C3A-BA39-925CAE33CC09}.Debug|x64.ActiveCfg = Debug|x64
		{BB0970C8-815F-4C3A-BA39-925CAE33CC09}.Debug|x64.Build.0 = Debug|x64
		{BB0970C8-815F-4C3A-BA39-925CAE33CC09}.Debug|x86.ActiveCfg = Debug|Win32
		{BB0970C8-815F-4C3A-BA39-925CAE33CC09}.Debug|x86.Build.0 = Debug|Win32
		{BB0970C8-815F-4C3A-BA39-925CAE33CC09}.Release|x64.ActiveCfg = Release|x64
		{BB0970C8-815F-4C3A-BA39-925CAE33CC09}.Release|x64.Build.0 = Release|x64
		{BB0970C8-815F-4C3A-BA39-925CAE33CC09}.Release|x86.ActiveCfg = Release|Win32
		{BB0970C8-815F-4C3A-BA39-925CAE33CC09}.Release|x86.Build.0 = Release|Win32
		{7E3F5EF0-584E-4543-80D4-6EB118A46358}.Debug|x64.ActiveCfg = Debug|x64
		{7E3F5EF0-584E-4543-80D4-6EB118A46358}.Debug|x64.Build.0 = Debug|x64
		{7E3F5EF0-584E-4543-80D4-6EB118A46358}.Debug|x86.ActiveCfg = Debug|Win32
		{7E3F5EF0-584E-4543-80D4-6EB118A46358}.Debug|x86.Build.0 = Debug|Win32
		{7E3F5EF0-584E-4543-80D4-6EB118A46358}.Release|x64.ActiveCfg = Release|x64
		{7E3F5EF0-584E-4543-80D4-6EB118A46358}.Release|x64.Build.0 = Release|x64
		{7E3F5EF0-584E-4543-80D4-6EB118A46358}.Release|x86.ActiveCfg = Release|Win32
		{7E3F5EF0-584E-4543-80D4-6EB118A46358}.Release|x86.Build.0 = Release|Win32
		{E1AA9404-066C-421C-8A23-4ECF9891ECBE}.Debug|x64.ActiveCfg = Debug|x64
		{E1AA9404-066C-421C-8A23-4ECF9891ECBE}.Debug|x64.Build.0 = Debug|x64
		{E1AA9404-066C-421C-8A23-4ECF9891ECBE}.Debug|x86.ActiveCfg = Debug|Win32
		{E1AA9404-066C-421C-8A23-4ECF9891ECBE}.Debug|x86.Build.0 = Debug|Win32
		{E1AA9404-066C-421C-8A23-4ECF9891ECBE}.Release|x64.ActiveCfg = Release|x64
		{E1AA9404-066C-421C-8A23-4ECF9891ECBE}.Release|x64.Build.0 = Release|x64
		{E1AA9404-066C-421C-8A23-4ECF9891ECBE}.Release|x86.ActiveCfg = Release|Win32
		{E1AA9404-066C-421C-8A23-4ECF9891ECBE}.Release|x86.Build.0 = Release|Win32
		{5F19E7F5-1ECD-44C5-8083-DB247DA57A16}.Debug|x64.ActiveCfg = Debug|x64
		{5F19E7F5-1ECD-44C5-8083-DB247DA57A16}.Debug|x64.Build.0 = Debug|x64
		{5F19E7F5-1ECD-44C5-8083-DB247DA57A16}.Debug|x86.ActiveCfg = Debug|Win32
		{5F19E7F5-1ECD-44C5-8083-DB247DA57A16}.Debug|x86.Build.0 = Debug|Win32
		{5F19E7F5-1ECD-44C5-8083-DB247DA57A16}.Release|x64.ActiveCfg = Release|x64
		{5F19E7F5-1ECD-44C5-8083-DB247DA57A16}.Release|x64.Build.0 = Release|x64
		{5F19E7F5-1ECD-44C5-8083-DB247DA57A16}.Release|x86.ActiveCfg = Release|Win32
		{5F19E7F5-1ECD-44C5-8083-DB247DA57A16}.Release|x86.Build.0 = Release|Win32
		{225E5B8F-0530-4BA6-9A77-FB569A8F74CD}.Debug|x64.ActiveCfg = Debug|x64
		{225E5B8F-0530-4BA6-9A77-FB569A8F74CD}.Debug|x64.Build.0 = Debug|x64
		{225E5B8F-0530-4BA6-9A77-FB569A8F74CD}.Debug|x86.ActiveCfg = Debug|Win32
		{225E5B8F-0530-4BA6-9A77-FB569A8F74CD}.Debug|x86.Build.0 = Debug|Win32
		{225E5B8F-0530-4BA6-9A77-FB569A8F74CD}.Release|x64.ActiveCfg = Release|x64
		{225E5B8F-0530-4BA6-9A77-FB569A8F74CD}.Release|x64.Build.0 = Release|x64
		{225E5B8F-0530-4BA6-9A77-FB569A8F74CD}.Release|x86.ActiveCfg = Release|Win32
		{225E5B8F-0530-4BA6-9A77-FB569A8F74CD}.Release|x86.Build.0 = Release|Win32
		{1BAEE041-82B7-4A7F-B103-9BA8ADA8469A}.Debug|x64.ActiveCfg = Debug|x64
		{1BAEE041-82B7-4A7F-B103-9BA8ADA8469A}.Debug|x64.Build.0 = Debug|x64
		{1BAEE041-82B7-4A7F-B103-9BA8ADA8469A}.Debug|x86.ActiveCfg = Debug|Win32
		{1BAEE041-82B7-4A7F-B103-9BA8ADA8469A}.Debug|x86.Build.0 = Debug|Win32
		{1BAEE041-82B7-4A7F-B103-9BA8ADA8469A}.Release|x64.ActiveCfg = Release|x64
		{1BAEE041-82B7-4A7F-B103-9BA8ADA8469A}.Release|x64.Build.0 = Release|x64
		{1BAEE041-82B7-4A7F-B103-9BA8ADA8469A}.Release|x86.ActiveCfg = Release|Win32
		{1BAEE041-82B7-4A7F-B103-9BA8ADA8469A}.Release|x86.Build.0 = Release|Win32
		{94F9F770-6554-4417-BC26-6AB01B37D20B}.Debug|x64.ActiveCfg = Debug|x64
		{94F9F770-6554-4417-BC26-6AB01B37D20B}.Debug|x64.Build.0 = Debug|x64
		{94F9F770-6554-4417-BC26-6AB01B37D20B}.Debug|x86.ActiveCfg = Debug|Win32
		{94F9F770-6554-4417-BC26-6AB01B37D20B}.Debug|x86.Build.0 = Debug|Win32
		{94F9F770-6554-4417-BC26-6AB01B37D20B}.Release|x64.ActiveCfg = Release|x64
		{94F9F770-6554-4417-BC26-6AB01B37D20B}.Release|x64.Build.0 = Release|x64
		{94F9F770-6554-4417-BC26-6AB01B37D20B}.Release|x86.ActiveCfg = Release|Win32
		{94F9F770-6554-4417-BC26-6AB01B37D20B}.Release|x86.Build.0 = Release|Win32
		{AE9C8D6A-6323-47C6-A229-A6104A96690B}.Debug|x64.ActiveCfg = Debug|x64
		{AE9C8D6A-6323-47C6-A229-A6104A96690B}.Debug|x64.Build.0 = Debug|x64
		{AE9C8D6A-6323-47C6-A229-A6104A96690B}.Debug|x86.ActiveCfg = Debug|Win32
		{AE9C8D6A-6323-47C6-A229-A6104A96690B}.Debug|x86.Build.0 = Debug|Win32
		{AE9C8D6A-6323-47C6-A229-A6104A96690B}.Release|x64.ActiveCfg = Release|x64
		{AE9C8D6A-6323-47C6-A229-A6104A96690B}.Release|x64.Build.0 = Release|x64
		{AE9C8D6A-6323-47C6-A229-A6104A96690B}.Release|x86.ActiveCfg = Release|Win32
		{AE9C8D6A-6323-47C6-A229-A6104A96690B}.Release|x86.Build.0 = Release|Win32
	EndGlobalSection
	GlobalSection(SolutionProperties) = preSolution
		HideSolutionNode = FALSE
	EndGlobalSection
EndGlobal
